
Microsoft Visual Studio Solution File, Format Version 12.00
# Visual Studio Version 16
VisualStudioVersion = 16.0.31025.194
MinimumVisualStudioVersion = 10.0.40219.1
Project("{FAE04EC0-301F-11D3-BF4B-00C04F79EFBC}") = "TranThiMai_1821050505", "TranThiMai_1821050505\TranThiMai_1821050505.csproj", "{D582ED60-0D4E-496A-9FE9-2D5D9BD3C464}"
EndProject
Global
	GlobalSection(SolutionConfigurationPlatforms) = preSolution
		Debug|Any CPU = Debug|Any CPU
		Release|Any CPU = Release|Any CPU
	EndGlobalSection
	GlobalSection(ProjectConfigurationPlatforms) = postSolution
		{D582ED60-0D4E-496A-9FE9-2D5D9BD3C464}.Debug|Any CPU.ActiveCfg = Debug|Any CPU
		{D582ED60-0D4E-496A-9FE9-2D5D9BD3C464}.Debug|Any CPU.Build.0 = Debug|Any CPU
		{D582ED60-0D4E-496A-9FE9-2D5D9BD3C464}.Release|Any CPU.ActiveCfg = Release|Any CPU
		{D582ED60-0D4E-496A-9FE9-2D5D9BD3C464}.Release|Any CPU.Build.0 = Release|Any CPU
	EndGlobalSection
	GlobalSection(SolutionProperties) = preSolution
		HideSolutionNode = FALSE
	EndGlobalSection
	GlobalSection(ExtensibilityGlobals) = postSolution
		SolutionGuid = {8767AAD3-0323-441C-90EE-C4132DB9A6CC}
	EndGlobalSection
EndGlobal
